
Microsoft Visual Studio Solution File, Format Version 12.00
# Visual Studio Version 17
VisualStudioVersion = 17.14.36518.9
MinimumVisualStudioVersion = 10.0.40219.1
Project("{FAE04EC0-301F-11D3-BF4B-00C04F79EFBC}") = "Training", "Training\Training.csproj", "{B6CDB160-B4D9-4B33-883E-8F954B422EBE}"
EndProject
Project("{FAE04EC0-301F-11D3-BF4B-00C04F79EFBC}") = "ERS", "ERS\ERS.csproj", "{B6825D4E-A245-4CBC-9916-CE619C9E493B}"
EndProject
Global
	GlobalSection(SolutionConfigurationPlatforms) = preSolution
		Debug|Any CPU = Debug|Any CPU
		Release|Any CPU = Release|Any CPU
	EndGlobalSection
	GlobalSection(ProjectConfigurationPlatforms) = postSolution
		{B6CDB160-B4D9-4B33-883E-8F954B422EBE}.Debug|Any CPU.ActiveCfg = Debug|Any CPU
		{B6CDB160-B4D9-4B33-883E-8F954B422EBE}.Debug|Any CPU.Build.0 = Debug|Any CPU
		{B6CDB160-B4D9-4B33-883E-8F954B422EBE}.Release|Any CPU.ActiveCfg = Release|Any CPU
		{B6CDB160-B4D9-4B33-883E-8F954B422EBE}.Release|Any CPU.Build.0 = Release|Any CPU
		{B6825D4E-A245-4CBC-9916-CE619C9E493B}.Debug|Any CPU.ActiveCfg = Debug|Any CPU
		{B6825D4E-A245-4CBC-9916-CE619C9E493B}.Debug|Any CPU.Build.0 = Debug|Any CPU
		{B6825D4E-A245-4CBC-9916-CE619C9E493B}.Release|Any CPU.ActiveCfg = Release|Any CPU
		{B6825D4E-A245-4CBC-9916-CE619C9E493B}.Release|Any CPU.Build.0 = Release|Any CPU
	EndGlobalSection
	GlobalSection(SolutionProperties) = preSolution
		HideSolutionNode = FALSE
	EndGlobalSection
	GlobalSection(ExtensibilityGlobals) = postSolution
		SolutionGuid = {5F27BAF3-F66B-46E7-B652-625FA0C9DA18}
	EndGlobalSection
EndGlobal
